
Microsoft Visual Studio Solution File, Format Version 12.00
# Visual Studio Version 17
VisualStudioVersion = 17.5.33516.290
MinimumVisualStudioVersion = 10.0.40219.1
Project("{FAE04EC0-301F-11D3-BF4B-00C04F79EFBC}") = "User.Api", "User.Api\User.Api.csproj", "{4322E0A4-D998-41C0-B1F9-0F4B959D369C}"
EndProject
Project("{FAE04EC0-301F-11D3-BF4B-00C04F79EFBC}") = "User.Data", "User.Data\User.Data.csproj", "{D56EB2FB-0792-49D9-8EC4-5E55C0800985}"
EndProject
Project("{FAE04EC0-301F-11D3-BF4B-00C04F79EFBC}") = "User.Domain", "User.Domain\User.Domain.csproj", "{43BD0FE8-EE90-4261-BF20-C641C68A4E38}"
EndProject
Global
	GlobalSection(SolutionConfigurationPlatforms) = preSolution
		Debug|Any CPU = Debug|Any CPU
		Release|Any CPU = Release|Any CPU
	EndGlobalSection
	GlobalSection(ProjectConfigurationPlatforms) = postSolution
		{4322E0A4-D998-41C0-B1F9-0F4B959D369C}.Debug|Any CPU.ActiveCfg = Debug|Any CPU
		{4322E0A4-D998-41C0-B1F9-0F4B959D369C}.Debug|Any CPU.Build.0 = Debug|Any CPU
		{4322E0A4-D998-41C0-B1F9-0F4B959D369C}.Release|Any CPU.ActiveCfg = Release|Any CPU
		{4322E0A4-D998-41C0-B1F9-0F4B959D369C}.Release|Any CPU.Build.0 = Release|Any CPU
		{D56EB2FB-0792-49D9-8EC4-5E55C0800985}.Debug|Any CPU.ActiveCfg = Debug|Any CPU
		{D56EB2FB-0792-49D9-8EC4-5E55C0800985}.Debug|Any CPU.Build.0 = Debug|Any CPU
		{D56EB2FB-0792-49D9-8EC4-5E55C0800985}.Release|Any CPU.ActiveCfg = Release|Any CPU
		{D56EB2FB-0792-49D9-8EC4-5E55C0800985}.Release|Any CPU.Build.0 = Release|Any CPU
		{43BD0FE8-EE90-4261-BF20-C641C68A4E38}.Debug|Any CPU.ActiveCfg = Debug|Any CPU
		{43BD0FE8-EE90-4261-BF20-C641C68A4E38}.Debug|Any CPU.Build.0 = Debug|Any CPU
		{43BD0FE8-EE90-4261-BF20-C641C68A4E38}.Release|Any CPU.ActiveCfg = Release|Any CPU
		{43BD0FE8-EE90-4261-BF20-C641C68A4E38}.Release|Any CPU.Build.0 = Release|Any CPU
	EndGlobalSection
	GlobalSection(SolutionProperties) = preSolution
		HideSolutionNode = FALSE
	EndGlobalSection
	GlobalSection(ExtensibilityGlobals) = postSolution
		SolutionGuid = {144E896B-BBBF-4C4C-8A29-812312C63516}
	EndGlobalSection
EndGlobal
